
Microsoft Visual Studio Solution File, Format Version 12.00
# Visual Studio Version 16
VisualStudioVersion = 16.0.31229.75
MinimumVisualStudioVersion = 10.0.40219.1
Project("{FAE04EC0-301F-11D3-BF4B-00C04F79EFBC}") = "BeerCup.Android", "BeerCup\BeerCup.Android\BeerCup.Android.csproj", "{64D87F6B-0445-4B31-8027-4F2E2C0B5892}"
EndProject
Project("{FAE04EC0-301F-11D3-BF4B-00C04F79EFBC}") = "BeerCup.iOS", "BeerCup\BeerCup.iOS\BeerCup.iOS.csproj", "{B49B3F5D-4134-4A47-B0B4-83809C543DA6}"
EndProject
Project("{9A19103F-16F7-4668-BE54-9A1E7A4F7556}") = "BeerCup", "BeerCup\BeerCup\BeerCup.csproj", "{E620AE7F-C737-48F8-A029-CE77FF859DF3}"
EndProject
Project("{9A19103F-16F7-4668-BE54-9A1E7A4F7556}") = "BeerCup.DataAccess", "BeerCup.DataAccess\BeerCup.DataAccess.csproj", "{CB42BBC4-F2E5-44A1-8518-A3EE550AAAE6}"
EndProject
Project("{9A19103F-16F7-4668-BE54-9A1E7A4F7556}") = "BeerCup.EFCoreMigrationsDeploy", "BeerCup.EFCoreMigrationsDeploy\BeerCup.EFCoreMigrationsDeploy.csproj", "{7DF5D566-FF78-42F7-9EAC-EE6C7F3320CE}"
EndProject
Project("{9A19103F-16F7-4668-BE54-9A1E7A4F7556}") = "BeerCup.ApplicationServices", "BeerCup.ApplicationServices\BeerCup.ApplicationServices.csproj", "{5E62B5B0-B26C-44F2-98FD-83402B4289D7}"
EndProject
Project("{9A19103F-16F7-4668-BE54-9A1E7A4F7556}") = "BeerCup.WebAPI", "BeerCup.WebAPI\BeerCup.WebAPI.csproj", "{6BD639B6-28CF-45B6-9A92-70D92A3FFFA6}"
EndProject
Global
	GlobalSection(SolutionConfigurationPlatforms) = preSolution
		Debug|Any CPU = Debug|Any CPU
		Debug|iPhone = Debug|iPhone
		Debug|iPhoneSimulator = Debug|iPhoneSimulator
		Release|Any CPU = Release|Any CPU
		Release|iPhone = Release|iPhone
		Release|iPhoneSimulator = Release|iPhoneSimulator
	EndGlobalSection
	GlobalSection(ProjectConfigurationPlatforms) = postSolution
		{64D87F6B-0445-4B31-8027-4F2E2C0B5892}.Debug|Any CPU.ActiveCfg = Debug|Any CPU
		{64D87F6B-0445-4B31-8027-4F2E2C0B5892}.Debug|Any CPU.Build.0 = Debug|Any CPU
		{64D87F6B-0445-4B31-8027-4F2E2C0B5892}.Debug|Any CPU.Deploy.0 = Debug|Any CPU
		{64D87F6B-0445-4B31-8027-4F2E2C0B5892}.Debug|iPhone.ActiveCfg = Debug|Any CPU
		{64D87F6B-0445-4B31-8027-4F2E2C0B5892}.Debug|iPhone.Build.0 = Debug|Any CPU
		{64D87F6B-0445-4B31-8027-4F2E2C0B5892}.Debug|iPhone.Deploy.0 = Debug|Any CPU
		{64D87F6B-0445-4B31-8027-4F2E2C0B5892}.Debug|iPhoneSimulator.ActiveCfg = Debug|Any CPU
		{64D87F6B-0445-4B31-8027-4F2E2C0B5892}.Debug|iPhoneSimulator.Build.0 = Debug|Any CPU
		{64D87F6B-0445-4B31-8027-4F2E2C0B5892}.Debug|iPhoneSimulator.Deploy.0 = Debug|Any CPU
		{64D87F6B-0445-4B31-8027-4F2E2C0B5892}.Release|Any CPU.ActiveCfg = Release|Any CPU
		{64D87F6B-0445-4B31-8027-4F2E2C0B5892}.Release|Any CPU.Build.0 = Release|Any CPU
		{64D87F6B-0445-4B31-8027-4F2E2C0B5892}.Release|Any CPU.Deploy.0 = Release|Any CPU
		{64D87F6B-0445-4B31-8027-4F2E2C0B5892}.Release|iPhone.ActiveCfg = Release|Any CPU
		{64D87F6B-0445-4B31-8027-4F2E2C0B5892}.Release|iPhone.Build.0 = Release|Any CPU
		{64D87F6B-0445-4B31-8027-4F2E2C0B5892}.Release|iPhone.Deploy.0 = Release|Any CPU
		{64D87F6B-0445-4B31-8027-4F2E2C0B5892}.Release|iPhoneSimulator.ActiveCfg = Release|Any CPU
		{64D87F6B-0445-4B31-8027-4F2E2C0B5892}.Release|iPhoneSimulator.Build.0 = Release|Any CPU
		{64D87F6B-0445-4B31-8027-4F2E2C0B5892}.Release|iPhoneSimulator.Deploy.0 = Release|Any CPU
		{B49B3F5D-4134-4A47-B0B4-83809C543DA6}.Debug|Any CPU.ActiveCfg = Debug|iPhone
		{B49B3F5D-4134-4A47-B0B4-83809C543DA6}.Debug|Any CPU.Build.0 = Debug|iPhone
		{B49B3F5D-4134-4A47-B0B4-83809C543DA6}.Debug|Any CPU.Deploy.0 = Debug|iPhone
		{B49B3F5D-4134-4A47-B0B4-83809C543DA6}.Debug|iPhone.ActiveCfg = Debug|iPhone
		{B49B3F5D-4134-4A47-B0B4-83809C543DA6}.Debug|iPhone.Build.0 = Debug|iPhone
		{B49B3F5D-4134-4A47-B0B4-83809C543DA6}.Debug|iPhone.Deploy.0 = Debug|iPhone
		{B49B3F5D-4134-4A47-B0B4-83809C543DA6}.Debug|iPhoneSimulator.ActiveCfg = Debug|iPhoneSimulator
		{B49B3F5D-4134-4A47-B0B4-83809C543DA6}.Debug|iPhoneSimulator.Build.0 = Debug|iPhoneSimulator
		{B49B3F5D-4134-4A47-B0B4-83809C543DA6}.Debug|iPhoneSimulator.Deploy.0 = Debug|iPhoneSimulator
		{B49B3F5D-4134-4A47-B0B4-83809C543DA6}.Release|Any CPU.ActiveCfg = Release|iPhoneSimulator
		{B49B3F5D-4134-4A47-B0B4-83809C543DA6}.Release|Any CPU.Build.0 = Release|iPhoneSimulator
		{B49B3F5D-4134-4A47-B0B4-83809C543DA6}.Release|Any CPU.Deploy.0 = Release|iPhoneSimulator
		{B49B3F5D-4134-4A47-B0B4-83809C543DA6}.Release|iPhone.ActiveCfg = Release|iPhone
		{B49B3F5D-4134-4A47-B0B4-83809C543DA6}.Release|iPhone.Build.0 = Release|iPhone
		{B49B3F5D-4134-4A47-B0B4-83809C543DA6}.Release|iPhone.Deploy.0 = Release|iPhone
		{B49B3F5D-4134-4A47-B0B4-83809C543DA6}.Release|iPhoneSimulator.ActiveCfg = Release|iPhoneSimulator
		{B49B3F5D-4134-4A47-B0B4-83809C543DA6}.Release|iPhoneSimulator.Build.0 = Release|iPhoneSimulator
		{B49B3F5D-4134-4A47-B0B4-83809C543DA6}.Release|iPhoneSimulator.Deploy.0 = Release|iPhoneSimulator
		{E620AE7F-C737-48F8-A029-CE77FF859DF3}.Debug|Any CPU.ActiveCfg = Debug|Any CPU
		{E620AE7F-C737-48F8-A029-CE77FF859DF3}.Debug|Any CPU.Build.0 = Debug|Any CPU
		{E620AE7F-C737-48F8-A029-CE77FF859DF3}.Debug|Any CPU.Deploy.0 = Debug|Any CPU
		{E620AE7F-C737-48F8-A029-CE77FF859DF3}.Debug|iPhone.ActiveCfg = Debug|Any CPU
		{E620AE7F-C737-48F8-A029-CE77FF859DF3}.Debug|iPhone.Build.0 = Debug|Any CPU
		{E620AE7F-C737-48F8-A029-CE77FF859DF3}.Debug|iPhone.Deploy.0 = Debug|Any CPU
		{E620AE7F-C737-48F8-A029-CE77FF859DF3}.Debug|iPhoneSimulator.ActiveCfg = Debug|Any CPU
		{E620AE7F-C737-48F8-A029-CE77FF859DF3}.Debug|iPhoneSimulator.Build.0 = Debug|Any CPU
		{E620AE7F-C737-48F8-A029-CE77FF859DF3}.Debug|iPhoneSimulator.Deploy.0 = Debug|Any CPU
		{E620AE7F-C737-48F8-A029-CE77FF859DF3}.Release|Any CPU.ActiveCfg = Release|Any CPU
		{E620AE7F-C737-48F8-A029-CE77FF859DF3}.Release|Any CPU.Build.0 = Release|Any CPU
		{E620AE7F-C737-48F8-A029-CE77FF859DF3}.Release|Any CPU.Deploy.0 = Release|Any CPU
		{E620AE7F-C737-48F8-A029-CE77FF859DF3}.Release|iPhone.ActiveCfg = Release|Any CPU
		{E620AE7F-C737-48F8-A029-CE77FF859DF3}.Release|iPhone.Build.0 = Release|Any CPU
		{E620AE7F-C737-48F8-A029-CE77FF859DF3}.Release|iPhone.Deploy.0 = Release|Any CPU
		{E620AE7F-C737-48F8-A029-CE77FF859DF3}.Release|iPhoneSimulator.ActiveCfg = Release|Any CPU
		{E620AE7F-C737-48F8-A029-CE77FF859DF3}.Release|iPhoneSimulator.Build.0 = Release|Any CPU
		{E620AE7F-C737-48F8-A029-CE77FF859DF3}.Release|iPhoneSimulator.Deploy.0 = Release|Any CPU
		{CB42BBC4-F2E5-44A1-8518-A3EE550AAAE6}.Debug|Any CPU.ActiveCfg = Debug|Any CPU
		{CB42BBC4-F2E5-44A1-8518-A3EE550AAAE6}.Debug|Any CPU.Build.0 = Debug|Any CPU
		{CB42BBC4-F2E5-44A1-8518-A3EE550AAAE6}.Debug|iPhone.ActiveCfg = Debug|Any CPU
		{CB42BBC4-F2E5-44A1-8518-A3EE550AAAE6}.Debug|iPhone.Build.0 = Debug|Any CPU
		{CB42BBC4-F2E5-44A1-8518-A3EE550AAAE6}.Debug|iPhoneSimulator.ActiveCfg = Debug|Any CPU
		{CB42BBC4-F2E5-44A1-8518-A3EE550AAAE6}.Debug|iPhoneSimulator.Build.0 = Debug|Any CPU
		{CB42BBC4-F2E5-44A1-8518-A3EE550AAAE6}.Release|Any CPU.ActiveCfg = Release|Any CPU
		{CB42BBC4-F2E5-44A1-8518-A3EE550AAAE6}.Release|Any CPU.Build.0 = Release|Any CPU
		{CB42BBC4-F2E5-44A1-8518-A3EE550AAAE6}.Release|iPhone.ActiveCfg = Release|Any CPU
		{CB42BBC4-F2E5-44A1-8518-A3EE550AAAE6}.Release|iPhone.Build.0 = Release|Any CPU
		{CB42BBC4-F2E5-44A1-8518-A3EE550AAAE6}.Release|iPhoneSimulator.ActiveCfg = Release|Any CPU
		{CB42BBC4-F2E5-44A1-8518-A3EE550AAAE6}.Release|iPhoneSimulator.Build.0 = Release|Any CPU
		{7DF5D566-FF78-42F7-9EAC-EE6C7F3320CE}.Debug|Any CPU.ActiveCfg = Debug|Any CPU
		{7DF5D566-FF78-42F7-9EAC-EE6C7F3320CE}.Debug|Any CPU.Build.0 = Debug|Any CPU
		{7DF5D566-FF78-42F7-9EAC-EE6C7F3320CE}.Debug|iPhone.ActiveCfg = Debug|Any CPU
		{7DF5D566-FF78-42F7-9EAC-EE6C7F3320CE}.Debug|iPhone.Build.0 = Debug|Any CPU
		{7DF5D566-FF78-42F7-9EAC-EE6C7F3320CE}.Debug|iPhoneSimulator.ActiveCfg = Debug|Any CPU
		{7DF5D566-FF78-42F7-9EAC-EE6C7F3320CE}.Debug|iPhoneSimulator.Build.0 = Debug|Any CPU
		{7DF5D566-FF78-42F7-9EAC-EE6C7F3320CE}.Release|Any CPU.ActiveCfg = Release|Any CPU
		{7DF5D566-FF78-42F7-9EAC-EE6C7F3320CE}.Release|Any CPU.Build.0 = Release|Any CPU
		{7DF5D566-FF78-42F7-9EAC-EE6C7F3320CE}.Release|iPhone.ActiveCfg = Release|Any CPU
		{7DF5D566-FF78-42F7-9EAC-EE6C7F3320CE}.Release|iPhone.Build.0 = Release|Any CPU
		{7DF5D566-FF78-42F7-9EAC-EE6C7F3320CE}.Release|iPhoneSimulator.ActiveCfg = Release|Any CPU
		{7DF5D566-FF78-42F7-9EAC-EE6C7F3320CE}.Release|iPhoneSimulator.Build.0 = Release|Any CPU
		{5E62B5B0-B26C-44F2-98FD-83402B4289D7}.Debug|Any CPU.ActiveCfg = Debug|Any CPU
		{5E62B5B0-B26C-44F2-98FD-83402B4289D7}.Debug|Any CPU.Build.0 = Debug|Any CPU
		{5E62B5B0-B26C-44F2-98FD-83402B4289D7}.Debug|iPhone.ActiveCfg = Debug|Any CPU
		{5E62B5B0-B26C-44F2-98FD-83402B4289D7}.Debug|iPhone.Build.0 = Debug|Any CPU
		{5E62B5B0-B26C-44F2-98FD-83402B4289D7}.Debug|iPhoneSimulator.ActiveCfg = Debug|Any CPU
		{5E62B5B0-B26C-44F2-98FD-83402B4289D7}.Debug|iPhoneSimulator.Build.0 = Debug|Any CPU
		{5E62B5B0-B26C-44F2-98FD-83402B4289D7}.Release|Any CPU.ActiveCfg = Release|Any CPU
		{5E62B5B0-B26C-44F2-98FD-83402B4289D7}.Release|Any CPU.Build.0 = Release|Any CPU
		{5E62B5B0-B26C-44F2-98FD-83402B4289D7}.Release|iPhone.ActiveCfg = Release|Any CPU
		{5E62B5B0-B26C-44F2-98FD-83402B4289D7}.Release|iPhone.Build.0 = Release|Any CPU
		{5E62B5B0-B26C-44F2-98FD-83402B4289D7}.Release|iPhoneSimulator.ActiveCfg = Release|Any CPU
		{5E62B5B0-B26C-44F2-98FD-83402B4289D7}.Release|iPhoneSimulator.Build.0 = Release|Any CPU
		{6BD639B6-28CF-45B6-9A92-70D92A3FFFA6}.Debug|Any CPU.ActiveCfg = Debug|Any CPU
		{6BD639B6-28CF-45B6-9A92-70D92A3FFFA6}.Debug|Any CPU.Build.0 = Debug|Any CPU
		{6BD639B6-28CF-45B6-9A92-70D92A3FFFA6}.Debug|iPhone.ActiveCfg = Debug|Any CPU
		{6BD639B6-28CF-45B6-9A92-70D92A3FFFA6}.Debug|iPhone.Build.0 = Debug|Any CPU
		{6BD639B6-28CF-45B6-9A92-70D92A3FFFA6}.Debug|iPhoneSimulator.ActiveCfg = Debug|Any CPU
		{6BD639B6-28CF-45B6-9A92-70D92A3FFFA6}.Debug|iPhoneSimulator.Build.0 = Debug|Any CPU
		{6BD639B6-28CF-45B6-9A92-70D92A3FFFA6}.Release|Any CPU.ActiveCfg = Release|Any CPU
		{6BD639B6-28CF-45B6-9A92-70D92A3FFFA6}.Release|Any CPU.Build.0 = Release|Any CPU
		{6BD639B6-28CF-45B6-9A92-70D92A3FFFA6}.Release|iPhone.ActiveCfg = Release|Any CPU
		{6BD639B6-28CF-45B6-9A92-70D92A3FFFA6}.Release|iPhone.Build.0 = Release|Any CPU
		{6BD639B6-28CF-45B6-9A92-70D92A3FFFA6}.Release|iPhoneSimulator.ActiveCfg = Release|Any CPU
		{6BD639B6-28CF-45B6-9A92-70D92A3FFFA6}.Release|iPhoneSimulator.Build.0 = Release|Any CPU
	EndGlobalSection
	GlobalSection(SolutionProperties) = preSolution
		HideSolutionNode = FALSE
	EndGlobalSection
	GlobalSection(ExtensibilityGlobals) = postSolution
		SolutionGuid = {A2D4DE47-0887-486D-9B64-FD0B2D6C8A78}
	EndGlobalSection
EndGlobal
